
Microsoft Visual Studio Solution File, Format Version 12.00
# Visual Studio Version 17
VisualStudioVersion = 17.4.33205.214
MinimumVisualStudioVersion = 10.0.40219.1
Project("{FAE04EC0-301F-11D3-BF4B-00C04F79EFBC}") = "toba-c-editer", "toba-c-editer\toba-c-editer.csproj", "{BEC29DDC-5681-4439-93EB-AF14CF03B5C7}"
EndProject
Global
	GlobalSection(SolutionConfigurationPlatforms) = preSolution
		Debug|Any CPU = Debug|Any CPU
		Release|Any CPU = Release|Any CPU
	EndGlobalSection
	GlobalSection(ProjectConfigurationPlatforms) = postSolution
		{BEC29DDC-5681-4439-93EB-AF14CF03B5C7}.Debug|Any CPU.ActiveCfg = Debug|Any CPU
		{BEC29DDC-5681-4439-93EB-AF14CF03B5C7}.Debug|Any CPU.Build.0 = Debug|Any CPU
		{BEC29DDC-5681-4439-93EB-AF14CF03B5C7}.Release|Any CPU.ActiveCfg = Release|Any CPU
		{BEC29DDC-5681-4439-93EB-AF14CF03B5C7}.Release|Any CPU.Build.0 = Release|Any CPU
	EndGlobalSection
	GlobalSection(SolutionProperties) = preSolution
		HideSolutionNode = FALSE
	EndGlobalSection
	GlobalSection(ExtensibilityGlobals) = postSolution
		SolutionGuid = {87AAF824-F499-4204-A751-AED83FB69080}
	EndGlobalSection
EndGlobal
